
Microsoft Visual Studio Solution File, Format Version 11.00
# Visual Studio 2010
Project("{FAE04EC0-301F-11D3-BF4B-00C04F79EFBC}") = "SpToCs.Converter", "SpToCs.Converter\SpToCs.Converter.csproj", "{A506D709-E047-4C6F-8A13-ABEF7F9FBFD2}"
EndProject
Global
	GlobalSection(SolutionConfigurationPlatforms) = preSolution
		Debug|Any CPU = Debug|Any CPU
		Release|Any CPU = Release|Any CPU
	EndGlobalSection
	GlobalSection(ProjectConfigurationPlatforms) = postSolution
		{A506D709-E047-4C6F-8A13-ABEF7F9FBFD2}.Debug|Any CPU.ActiveCfg = Debug|Any CPU
		{A506D709-E047-4C6F-8A13-ABEF7F9FBFD2}.Debug|Any CPU.Build.0 = Debug|Any CPU
		{A506D709-E047-4C6F-8A13-ABEF7F9FBFD2}.Release|Any CPU.ActiveCfg = Release|Any CPU
		{A506D709-E047-4C6F-8A13-ABEF7F9FBFD2}.Release|Any CPU.Build.0 = Release|Any CPU
	EndGlobalSection
	GlobalSection(SolutionProperties) = preSolution
		HideSolutionNode = FALSE
	EndGlobalSection
EndGlobal
